###################################################################################################
##
##  DO NOT EDIT THIS FILE.
##  This is a locked requirements file generated by pyorbs.
##
##  Requirements hash: fe56b66a993a1556f7b9d3e3001c51925cf32118cc830bd551a1b41457dd14b4
##
###################################################################################################
-e .
alabaster==1.0.0
appdirs==1.4.4
asgiref==3.8.1
astroid==3.3.10
attrs==25.3.0
babel==2.17.0
bandit==1.8.5
black==25.1.0
boolean.py==5.0
build==1.2.2
certifi==2025.6.15
cffi==1.17.1
charset-normalizer==3.4.2
click==8.2.1
codespell==2.4.1
colorama==0.4.6
coverage==7.9.1
cryptography==45.0.4
cssbeautifier==1.15.4
dill==0.4.0
Django==5.2.3
django-migration-linter==5.2.0
django-stubs==5.2.1
django-stubs-ext==5.2.1
djlint==1.36.4
docker==7.1.0
docutils==0.21.2
EditorConfig==0.17.1
execnet==2.1.1
factory_boy==3.3.3
Faker==37.4.0
filelock==3.18.0
h11==0.16.0
id==1.5.0
idna==3.10
imagesize==1.4.1
inflection==0.5.1
iniconfig==2.1.0
isort==6.0.1
jaraco.classes==3.4.0
jaraco.context==6.0.1
jaraco.functools==4.2.1
jeepney==0.9.0
Jinja2==3.1.6
jsbeautifier==1.15.4
json5==0.12.0
keyring==25.6.0
license-expression==30.4.1
logikal-browser==2.1.0
logikal-docs==1.2.2
logikal-utils==1.4.1
markdown-it-py==3.0.0
MarkupSafe==3.0.2
mccabe==0.7.0
mdurl==0.1.2
more-itertools==10.7.0
mypy==1.16.1
mypy_extensions==1.1.0
nh3==0.2.21
orjson==3.10.18
outcome==1.3.0.post0
packaging==24.2
pathspec==0.12.1
pbr==6.1.1
pillow==11.2.1
pip==25.1.1
platformdirs==4.3.8
pluggy==1.6.0
psutil==7.0.0
pycodestyle==2.14.0
pycparser==2.22
pydocstyle==6.3.0
Pygments==2.19.2
pylint==3.3.7
pylint-django==2.6.1
pylint-plugin-utils==0.9.0
pyorbs==2.1.1
pyproject_hooks==1.2.0
PySocks==1.7.1
pytest==8.3.5
pytest-cov==6.2.1
pytest-django==4.11.1
pytest-factoryboy==2.7.0
pytest-mock==3.14.1
pytest-mypy==1.0.1
pytest-xdist==3.7.0
PyYAML==6.0.2
readme_renderer==44.0
regex==2024.11.6
requests==2.32.4
requests-toolbelt==1.0.0
rfc3986==2.0.0
rich==14.0.0
roman-numerals-py==3.1.0
SecretStorage==3.3.3
selenium==4.28.1
setuptools==80.9.0
six==1.17.0
sniffio==1.3.1
snowballstemmer==3.0.1
sortedcontainers==2.4.0
Sphinx==8.2.1
sphinx-rtd-theme==3.0.2
sphinxcontrib-applehelp==2.0.0
sphinxcontrib-devhelp==2.0.0
sphinxcontrib-htmlhelp==2.1.0
sphinxcontrib-jquery==4.1
sphinxcontrib-jsmath==1.0.1
sphinxcontrib-qthelp==2.0.0
sphinxcontrib-serializinghtml==2.0.0
sqlparse==0.5.3
stevedore==5.4.1
termcolor==2.5.0
toml==0.10.2
tomli_w==1.2.0
tomlkit==0.13.3
tqdm==4.67.1
trio==0.30.0
trio-websocket==0.12.2
twine==6.1.0
types-PyYAML==6.0.12.20250516
types-requests==2.32.4.20250611
typing_extensions==4.14.0
tzdata==2025.2
urllib3==2.5.0
websocket-client==1.8.0
wheel==0.45.1
wsproto==1.2.0
xdg-base-dirs==6.0.2
